
Microsoft Visual Studio Solution File, Format Version 12.00
# Visual Studio 14
VisualStudioVersion = 14.0.25420.1
MinimumVisualStudioVersion = 10.0.40219.1
Project("{FAE04EC0-301F-11D3-BF4B-00C04F79EFBC}") = "WCFService", "WCFService\WCFService.csproj", "{AFB176CE-2003-4C95-8E05-CAEA854266AA}"
EndProject
Project("{FAE04EC0-301F-11D3-BF4B-00C04F79EFBC}") = "WCFServiceConsoleHost", "WCFServiceConsoleHost\WCFServiceConsoleHost.csproj", "{521A6C84-A9D6-4D28-B379-2EE089043C24}"
EndProject
Global
	GlobalSection(SolutionConfigurationPlatforms) = preSolution
		Debug|Any CPU = Debug|Any CPU
		Release|Any CPU = Release|Any CPU
	EndGlobalSection
	GlobalSection(ProjectConfigurationPlatforms) = postSolution
		{AFB176CE-2003-4C95-8E05-CAEA854266AA}.Debug|Any CPU.ActiveCfg = Debug|Any CPU
		{AFB176CE-2003-4C95-8E05-CAEA854266AA}.Debug|Any CPU.Build.0 = Debug|Any CPU
		{AFB176CE-2003-4C95-8E05-CAEA854266AA}.Release|Any CPU.ActiveCfg = Release|Any CPU
		{AFB176CE-2003-4C95-8E05-CAEA854266AA}.Release|Any CPU.Build.0 = Release|Any CPU
		{521A6C84-A9D6-4D28-B379-2EE089043C24}.Debug|Any CPU.ActiveCfg = Debug|Any CPU
		{521A6C84-A9D6-4D28-B379-2EE089043C24}.Debug|Any CPU.Build.0 = Debug|Any CPU
		{521A6C84-A9D6-4D28-B379-2EE089043C24}.Release|Any CPU.ActiveCfg = Release|Any CPU
		{521A6C84-A9D6-4D28-B379-2EE089043C24}.Release|Any CPU.Build.0 = Release|Any CPU
	EndGlobalSection
	GlobalSection(SolutionProperties) = preSolution
		HideSolutionNode = FALSE
	EndGlobalSection
EndGlobal
